<Solution>
  <Folder Name="/src/">
    <Project Path="src/GaifulinLab.Api/GaifulinLab.Api.csproj" />
    <Project Path="src/GaifulinLab.Application/GaifulinLab.Application.csproj" />
    <Project Path="src/GaifulinLab.Contracts/GaifulinLab.Contracts.csproj" />
    <Project Path="src/GaifulinLab.Domain/GaifulinLab.Domain.csproj" />
    <Project Path="src/GaifulinLab.Infrastructure/GaifulinLab.Infrastructure.csproj" />
    <Project Path="src/GaifulinLab.Web/GaifulinLab.Web.csproj" />
  </Folder>
  <Folder Name="/tests/">
    <Project Path="tests/GaifulinLab.Architecture.Tests/GaifulinLab.Architecture.Tests.csproj" />
    <Project Path="tests/GaifulinLab.Domain.Tests/GaifulinLab.Domain.Tests.csproj" />
    <Project Path="tests/GaifulinLab.Infrastructure.Tests/GaifulinLab.Infrastructure.Tests.csproj" />
    <Project Path="tests/GaifulinLab.Api.Tests/GaifulinLab.Api.Tests.csproj" />
    <Project Path="tests/GaifulinLab.Web.Tests/GaifulinLab.Web.Tests.csproj" />
    <Project Path="tests/GaifulinLab.E2E.Tests/GaifulinLab.E2E.Tests.csproj" />
  </Folder>
</Solution>
